// !$*UTF8*$!
{
	archiveVersion = 1;
	classes = {
	};
	objectVersion = 56;
	objects = {

/* Begin PBXBuildFile section */
		C153601A2BEEE203006EA6A5 /* NewToDoView.swift in Sources */ = {isa = PBXBuildFile; fileRef = C15360192BEEE203006EA6A5 /* NewToDoView.swift */; };
		C153601C2BEEEA16006EA6A5 /* ToDoItem.swift in Sources */ = {isa = PBXBuildFile; fileRef = C153601B2BEEEA16006EA6A5 /* ToDoItem.swift */; };
		C15FDDEA2BEEDDB300027DBB /* toDoListApp.swift in Sources */ = {isa = PBXBuildFile; fileRef = C15FDDE92BEEDDB300027DBB /* toDoListApp.swift */; };
		C15FDDEC2BEEDDB300027DBB /* ContentView.swift in Sources */ = {isa = PBXBuildFile; fileRef = C15FDDEB2BEEDDB300027DBB /* ContentView.swift */; };
		C15FDDEE2BEEDDB500027DBB /* Assets.xcassets in Resources */ = {isa = PBXBuildFile; fileRef = C15FDDED2BEEDDB500027DBB /* Assets.xcassets */; };
		C15FDDF12BEEDDB500027DBB /* Preview Assets.xcassets in Resources */ = {isa = PBXBuildFile; fileRef = C15FDDF02BEEDDB500027DBB /* Preview Assets.xcassets */; };
		C15FDDFB2BEEDDB500027DBB /* toDoListTests.swift in Sources */ = {isa = PBXBuildFile; fileRef = C15FDDFA2BEEDDB500027DBB /* toDoListTests.swift */; };
		C15FDE052BEEDDB500027DBB /* toDoListUITests.swift in Sources */ = {isa = PBXBuildFile; fileRef = C15FDE042BEEDDB500027DBB /* toDoListUITests.swift */; };
		C15FDE072BEEDDB500027DBB /* toDoListUITestsLaunchTests.swift in Sources */ = {isa = PBXBuildFile; fileRef = C15FDE062BEEDDB500027DBB /* toDoListUITestsLaunchTests.swift */; };
/* End PBXBuildFile section */

/* Begin PBXContainerItemProxy section */
		C15FDDF72BEEDDB500027DBB /* PBXContainerItemProxy */ = {
			isa = PBXContainerItemProxy;
			containerPortal = C15FDDDE2BEEDDB300027DBB /* Project object */;
			proxyType = 1;
			remoteGlobalIDString = C15FDDE52BEEDDB300027DBB;
			remoteInfo = toDoList;
		};
		C15FDE012BEEDDB500027DBB /* PBXContainerItemProxy */ = {
			isa = PBXContainerItemProxy;
			containerPortal = C15FDDDE2BEEDDB300027DBB /* Project object */;
			proxyType = 1;
			remoteGlobalIDString = C15FDDE52BEEDDB300027DBB;
			remoteInfo = toDoList;
		};
/* End PBXContainerItemProxy section */

/* Begin PBXFileReference section */
		C15360192BEEE203006EA6A5 /* NewToDoView.swift */ = {isa = PBXFileReference; lastKnownFileType = sourcecode.swift; path = NewToDoView.swift; sourceTree = "<group>"; };
		C153601B2BEEEA16006EA6A5 /* ToDoItem.swift */ = {isa = PBXFileReference; lastKnownFileType = sourcecode.swift; path = ToDoItem.swift; sourceTree = "<group>"; };
		C15FDDE62BEEDDB300027DBB /* toDoList.app */ = {isa = PBXFileReference; explicitFileType = wrapper.application; includeInIndex = 0; path = toDoList.app; sourceTree = BUILT_PRODUCTS_DIR; };
		C15FDDE92BEEDDB300027DBB /* toDoListApp.swift */ = {isa = PBXFileReference; lastKnownFileType = sourcecode.swift; path = toDoListApp.swift; sourceTree = "<group>"; };
		C15FDDEB2BEEDDB300027DBB /* ContentView.swift */ = {isa = PBXFileReference; lastKnownFileType = sourcecode.swift; path = ContentView.swift; sourceTree = "<group>"; };
		C15FDDED2BEEDDB500027DBB /* Assets.xcassets */ = {isa = PBXFileReference; lastKnownFileType = folder.assetcatalog; path = Assets.xcassets; sourceTree = "<group>"; };
		C15FDDF02BEEDDB500027DBB /* Preview Assets.xcassets */ = {isa = PBXFileReference; lastKnownFileType = folder.assetcatalog; path = "Preview Assets.xcassets"; sourceTree = "<group>"; };
		C15FDDF62BEEDDB500027DBB /* toDoListTests.xctest */ = {isa = PBXFileReference; explicitFileType = wrapper.cfbundle; includeInIndex = 0; path = toDoListTests.xctest; sourceTree = BUILT_PRODUCTS_DIR; };
		C15FDDFA2BEEDDB500027DBB /* toDoListTests.swift */ = {isa = PBXFileReference; lastKnownFileType = sourcecode.swift; path = toDoListTests.swift; sourceTree = "<group>"; };
		C15FDE002BEEDDB500027DBB /* toDoListUITests.xctest */ = {isa = PBXFileReference; explicitFileType = wrapper.cfbundle; includeInIndex = 0; path = toDoListUITests.xctest; sourceTree = BUILT_PRODUCTS_DIR; };
		C15FDE042BEEDDB500027DBB /* toDoListUITests.swift */ = {isa = PBXFileReference; lastKnownFileType = sourcecode.swift; path = toDoListUITests.swift; sourceTree = "<group>"; };
		C15FDE062BEEDDB500027DBB /* toDoListUITestsLaunchTests.swift */ = {isa = PBXFileReference; lastKnownFileType = sourcecode.swift; path = toDoListUITestsLaunchTests.swift; sourceTree = "<group>"; };
/* End PBXFileReference section */

/* Begin PBXFrameworksBuildPhase section */
		C15FDDE32BEEDDB300027DBB /* Frameworks */ = {
			isa = PBXFrameworksBuildPhase;
			buildActionMask = 2147483647;
			files = (
			);
			runOnlyForDeploymentPostprocessing = 0;
		};
		C15FDDF32BEEDDB500027DBB /* Frameworks */ = {
			isa = PBXFrameworksBuildPhase;
			buildActionMask = 2147483647;
			files = (
			);
			runOnlyForDeploymentPostprocessing = 0;
		};
		C15FDDFD2BEEDDB500027DBB /* Frameworks */ = {
			isa = PBXFrameworksBuildPhase;
			buildActionMask = 2147483647;
			files = (
			);
			runOnlyForDeploymentPostprocessing = 0;
		};
/* End PBXFrameworksBuildPhase section */

/* Begin PBXGroup section */
		C15FDDDD2BEEDDB300027DBB = {
			isa = PBXGroup;
			children = (
				C15FDDE82BEEDDB300027DBB /* toDoList */,
				C15FDDF92BEEDDB500027DBB /* toDoListTests */,
				C15FDE032BEEDDB500027DBB /* toDoListUITests */,
				C15FDDE72BEEDDB300027DBB /* Products */,
			);
			sourceTree = "<group>";
		};
		C15FDDE72BEEDDB300027DBB /* Products */ = {
			isa = PBXGroup;
			children = (
				C15FDDE62BEEDDB300027DBB /* toDoList.app */,
				C15FDDF62BEEDDB500027DBB /* toDoListTests.xctest */,
				C15FDE002BEEDDB500027DBB /* toDoListUITests.xctest */,
			);
			name = Products;
			sourceTree = "<group>";
		};
		C15FDDE82BEEDDB300027DBB /* toDoList */ = {
			isa = PBXGroup;
			children = (
				C15FDDE92BEEDDB300027DBB /* toDoListApp.swift */,
				C15FDDEB2BEEDDB300027DBB /* ContentView.swift */,
				C153601B2BEEEA16006EA6A5 /* ToDoItem.swift */,
				C15360192BEEE203006EA6A5 /* NewToDoView.swift */,
				C15FDDED2BEEDDB500027DBB /* Assets.xcassets */,
				C15FDDEF2BEEDDB500027DBB /* Preview Content */,
			);
			path = toDoList;
			sourceTree = "<group>";
		};
		C15FDDEF2BEEDDB500027DBB /* Preview Content */ = {
			isa = PBXGroup;
			children = (
				C15FDDF02BEEDDB500027DBB /* Preview Assets.xcassets */,
			);
			path = "Preview Content";
			sourceTree = "<group>";
		};
		C15FDDF92BEEDDB500027DBB /* toDoListTests */ = {
			isa = PBXGroup;
			children = (
				C15FDDFA2BEEDDB500027DBB /* toDoListTests.swift */,
			);
			path = toDoListTests;
			sourceTree = "<group>";
		};
		C15FDE032BEEDDB500027DBB /* toDoListUITests */ = {
			isa = PBXGroup;
			children = (
				C15FDE042BEEDDB500027DBB /* toDoListUITests.swift */,
				C15FDE062BEEDDB500027DBB /* toDoListUITestsLaunchTests.swift */,
			);
			path = toDoListUITests;
			sourceTree = "<group>";
		};
/* End PBXGroup section */

/* Begin PBXNativeTarget section */
		C15FDDE52BEEDDB300027DBB /* toDoList */ = {
			isa = PBXNativeTarget;
			buildConfigurationList = C15FDE0A2BEEDDB500027DBB /* Build configuration list for PBXNativeTarget "toDoList" */;
			buildPhases = (
				C15FDDE22BEEDDB300027DBB /* Sources */,
				C15FDDE32BEEDDB300027DBB /* Frameworks */,
				C15FDDE42BEEDDB300027DBB /* Resources */,
			);
			buildRules = (
			);
			dependencies = (
			);
			name = toDoList;
			productName = toDoList;
			productReference = C15FDDE62BEEDDB300027DBB /* toDoList.app */;
			productType = "com.apple.product-type.application";
		};
		C15FDDF52BEEDDB500027DBB /* toDoListTests */ = {
			isa = PBXNativeTarget;
			buildConfigurationList = C15FDE0D2BEEDDB500027DBB /* Build configuration list for PBXNativeTarget "toDoListTests" */;
			buildPhases = (
				C15FDDF22BEEDDB500027DBB /* Sources */,
				C15FDDF32BEEDDB500027DBB /* Frameworks */,
				C15FDDF42BEEDDB500027DBB /* Resources */,
			);
			buildRules = (
			);
			dependencies = (
				C15FDDF82BEEDDB500027DBB /* PBXTargetDependency */,
			);
			name = toDoListTests;
			productName = toDoListTests;
			productReference = C15FDDF62BEEDDB500027DBB /* toDoListTests.xctest */;
			productType = "com.apple.product-type.bundle.unit-test";
		};
		C15FDDFF2BEEDDB500027DBB /* toDoListUITests */ = {
			isa = PBXNativeTarget;
			buildConfigurationList = C15FDE102BEEDDB500027DBB /* Build configuration list for PBXNativeTarget "toDoListUITests" */;
			buildPhases = (
				C15FDDFC2BEEDDB500027DBB /* Sources */,
				C15FDDFD2BEEDDB500027DBB /* Frameworks */,
				C15FDDFE2BEEDDB500027DBB /* Resources */,
			);
			buildRules = (
			);
			dependencies = (
				C15FDE022BEEDDB500027DBB /* PBXTargetDependency */,
			);
			name = toDoListUITests;
			productName = toDoListUITests;
			productReference = C15FDE002BEEDDB500027DBB /* toDoListUITests.xctest */;
			productType = "com.apple.product-type.bundle.ui-testing";
		};
/* End PBXNativeTarget section */

/* Begin PBXProject section */
		C15FDDDE2BEEDDB300027DBB /* Project object */ = {
			isa = PBXProject;
			attributes = {
				BuildIndependentTargetsInParallel = 1;
				LastSwiftUpdateCheck = 1530;
				LastUpgradeCheck = 1530;
				TargetAttributes = {
					C15FDDE52BEEDDB300027DBB = {
						CreatedOnToolsVersion = 15.3;
					};
					C15FDDF52BEEDDB500027DBB = {
						CreatedOnToolsVersion = 15.3;
						TestTargetID = C15FDDE52BEEDDB300027DBB;
					};
					C15FDDFF2BEEDDB500027DBB = {
						CreatedOnToolsVersion = 15.3;
						TestTargetID = C15FDDE52BEEDDB300027DBB;
					};
				};
			};
			buildConfigurationList = C15FDDE12BEEDDB300027DBB /* Build configuration list for PBXProject "toDoList" */;
			compatibilityVersion = "Xcode 14.0";
			developmentRegion = en;
			hasScannedForEncodings = 0;
			knownRegions = (
				en,
				Base,
			);
			mainGroup = C15FDDDD2BEEDDB300027DBB;
			productRefGroup = C15FDDE72BEEDDB300027DBB /* Products */;
			projectDirPath = "";
			projectRoot = "";
			targets = (
				C15FDDE52BEEDDB300027DBB /* toDoList */,
				C15FDDF52BEEDDB500027DBB /* toDoListTests */,
				C15FDDFF2BEEDDB500027DBB /* toDoListUITests */,
			);
		};
/* End PBXProject section */

/* Begin PBXResourcesBuildPhase section */
		C15FDDE42BEEDDB300027DBB /* Resources */ = {
			isa = PBXResourcesBuildPhase;
			buildActionMask = 2147483647;
			files = (
				C15FDDF12BEEDDB500027DBB /* Preview Assets.xcassets in Resources */,
				C15FDDEE2BEEDDB500027DBB /* Assets.xcassets in Resources */,
			);
			runOnlyForDeploymentPostprocessing = 0;
		};
		C15FDDF42BEEDDB500027DBB /* Resources */ = {
			isa = PBXResourcesBuildPhase;
			buildActionMask = 2147483647;
			files = (
			);
			runOnlyForDeploymentPostprocessing = 0;
		};
		C15FDDFE2BEEDDB500027DBB /* Resources */ = {
			isa = PBXResourcesBuildPhase;
			buildActionMask = 2147483647;
			files = (
			);
			runOnlyForDeploymentPostprocessing = 0;
		};
/* End PBXResourcesBuildPhase section */

/* Begin PBXSourcesBuildPhase section */
		C15FDDE22BEEDDB300027DBB /* Sources */ = {
			isa = PBXSourcesBuildPhase;
			buildActionMask = 2147483647;
			files = (
				C153601A2BEEE203006EA6A5 /* NewToDoView.swift in Sources */,
				C15FDDEC2BEEDDB300027DBB /* ContentView.swift in Sources */,
				C153601C2BEEEA16006EA6A5 /* ToDoItem.swift in Sources */,
				C15FDDEA2BEEDDB300027DBB /* toDoListApp.swift in Sources */,
			);
			runOnlyForDeploymentPostprocessing = 0;
		};
		C15FDDF22BEEDDB500027DBB /* Sources */ = {
			isa = PBXSourcesBuildPhase;
			buildActionMask = 2147483647;
			files = (
				C15FDDFB2BEEDDB500027DBB /* toDoListTests.swift in Sources */,
			);
			runOnlyForDeploymentPostprocessing = 0;
		};
		C15FDDFC2BEEDDB500027DBB /* Sources */ = {
			isa = PBXSourcesBuildPhase;
			buildActionMask = 2147483647;
			files = (
				C15FDE072BEEDDB500027DBB /* toDoListUITestsLaunchTests.swift in Sources */,
				C15FDE052BEEDDB500027DBB /* toDoListUITests.swift in Sources */,
			);
			runOnlyForDeploymentPostprocessing = 0;
		};
/* End PBXSourcesBuildPhase section */

/* Begin PBXTargetDependency section */
		C15FDDF82BEEDDB500027DBB /* PBXTargetDependency */ = {
			isa = PBXTargetDependency;
			target = C15FDDE52BEEDDB300027DBB /* toDoList */;
			targetProxy = C15FDDF72BEEDDB500027DBB /* PBXContainerItemProxy */;
		};
		C15FDE022BEEDDB500027DBB /* PBXTargetDependency */ = {
			isa = PBXTargetDependency;
			target = C15FDDE52BEEDDB300027DBB /* toDoList */;
			targetProxy = C15FDE012BEEDDB500027DBB /* PBXContainerItemProxy */;
		};
/* End PBXTargetDependency section */

/* Begin XCBuildConfiguration section */
		C15FDE082BEEDDB500027DBB /* Debug */ = {
			isa = XCBuildConfiguration;
			buildSettings = {
				ALWAYS_SEARCH_USER_PATHS = NO;
				ASSETCATALOG_COMPILER_GENERATE_SWIFT_ASSET_SYMBOL_EXTENSIONS = YES;
				CLANG_ANALYZER_NONNULL = YES;
				CLANG_ANALYZER_NUMBER_OBJECT_CONVERSION = YES_AGGRESSIVE;
				CLANG_CXX_LANGUAGE_STANDARD = "gnu++20";
				CLANG_ENABLE_MODULES = YES;
				CLANG_ENABLE_OBJC_ARC = YES;
				CLANG_ENABLE_OBJC_WEAK = YES;
				CLANG_WARN_BLOCK_CAPTURE_AUTORELEASING = YES;
				CLANG_WARN_BOOL_CONVERSION = YES;
				CLANG_WARN_COMMA = YES;
				CLANG_WARN_CONSTANT_CONVERSION = YES;
				CLANG_WARN_DEPRECATED_OBJC_IMPLEMENTATIONS = YES;
				CLANG_WARN_DIRECT_OBJC_ISA_USAGE = YES_ERROR;
				CLANG_WARN_DOCUMENTATION_COMMENTS = YES;
				CLANG_WARN_EMPTY_BODY = YES;
				CLANG_WARN_ENUM_CONVERSION = YES;
				CLANG_WARN_INFINITE_RECURSION = YES;
				CLANG_WARN_INT_CONVERSION = YES;
				CLANG_WARN_NON_LITERAL_NULL_CONVERSION = YES;
				CLANG_WARN_OBJC_IMPLICIT_RETAIN_SELF = YES;
				CLANG_WARN_OBJC_LITERAL_CONVERSION = YES;
				CLANG_WARN_OBJC_ROOT_CLASS = YES_ERROR;
				CLANG_WARN_QUOTED_INCLUDE_IN_FRAMEWORK_HEADER = YES;
				CLANG_WARN_RANGE_LOOP_ANALYSIS = YES;
				CLANG_WARN_STRICT_PROTOTYPES = YES;
				CLANG_WARN_SUSPICIOUS_MOVE = YES;
				CLANG_WARN_UNGUARDED_AVAILABILITY = YES_AGGRESSIVE;
				CLANG_WARN_UNREACHABLE_CODE = YES;
				CLANG_WARN__DUPLICATE_METHOD_MATCH = YES;
				COPY_PHASE_STRIP = NO;
				DEBUG_INFORMATION_FORMAT = dwarf;
				ENABLE_STRICT_OBJC_MSGSEND = YES;
				ENABLE_TESTABILITY = YES;
				ENABLE_USER_SCRIPT_SANDBOXING = YES;
				GCC_C_LANGUAGE_STANDARD = gnu17;
				GCC_DYNAMIC_NO_PIC = NO;
				GCC_NO_COMMON_BLOCKS = YES;
				GCC_OPTIMIZATION_LEVEL = 0;
				GCC_PREPROCESSOR_DEFINITIONS = (
					"DEBUG=1",
					"$(inherited)",
				);
				GCC_WARN_64_TO_32_BIT_CONVERSION = YES;
				GCC_WARN_ABOUT_RETURN_TYPE = YES_ERROR;
				GCC_WARN_UNDECLARED_SELECTOR = YES;
				GCC_WARN_UNINITIALIZED_AUTOS = YES_AGGRESSIVE;
				GCC_WARN_UNUSED_FUNCTION = YES;
				GCC_WARN_UNUSED_VARIABLE = YES;
				IPHONEOS_DEPLOYMENT_TARGET = 17.4;
				LOCALIZATION_PREFERS_STRING_CATALOGS = YES;
				MTL_ENABLE_DEBUG_INFO = INCLUDE_SOURCE;
				MTL_FAST_MATH = YES;
				ONLY_ACTIVE_ARCH = YES;
				SDKROOT = iphoneos;
				SWIFT_ACTIVE_COMPILATION_CONDITIONS = "DEBUG $(inherited)";
				SWIFT_OPTIMIZATION_LEVEL = "-Onone";
			};
			name = Debug;
		};
		C15FDE092BEEDDB500027DBB /* Release */ = {
			isa = XCBuildConfiguration;
			buildSettings = {
				ALWAYS_SEARCH_USER_PATHS = NO;
				ASSETCATALOG_COMPILER_GENERATE_SWIFT_ASSET_SYMBOL_EXTENSIONS = YES;
				CLANG_ANALYZER_NONNULL = YES;
				CLANG_ANALYZER_NUMBER_OBJECT_CONVERSION = YES_AGGRESSIVE;
				CLANG_CXX_LANGUAGE_STANDARD = "gnu++20";
				CLANG_ENABLE_MODULES = YES;
				CLANG_ENABLE_OBJC_ARC = YES;
				CLANG_ENABLE_OBJC_WEAK = YES;
				CLANG_WARN_BLOCK_CAPTURE_AUTORELEASING = YES;
				CLANG_WARN_BOOL_CONVERSION = YES;
				CLANG_WARN_COMMA = YES;
				CLANG_WARN_CONSTANT_CONVERSION = YES;
				CLANG_WARN_DEPRECATED_OBJC_IMPLEMENTATIONS = YES;
				CLANG_WARN_DIRECT_OBJC_ISA_USAGE = YES_ERROR;
				CLANG_WARN_DOCUMENTATION_COMMENTS = YES;
				CLANG_WARN_EMPTY_BODY = YES;
				CLANG_WARN_ENUM_CONVERSION = YES;
				CLANG_WARN_INFINITE_RECURSION = YES;
				CLANG_WARN_INT_CONVERSION = YES;
				CLANG_WARN_NON_LITERAL_NULL_CONVERSION = YES;
				CLANG_WARN_OBJC_IMPLICIT_RETAIN_SELF = YES;
				CLANG_WARN_OBJC_LITERAL_CONVERSION = YES;
				CLANG_WARN_OBJC_ROOT_CLASS = YES_ERROR;
				CLANG_WARN_QUOTED_INCLUDE_IN_FRAMEWORK_HEADER = YES;
				CLANG_WARN_RANGE_LOOP_ANALYSIS = YES;
				CLANG_WARN_STRICT_PROTOTYPES = YES;
				CLANG_WARN_SUSPICIOUS_MOVE = YES;
				CLANG_WARN_UNGUARDED_AVAILABILITY = YES_AGGRESSIVE;
				CLANG_WARN_UNREACHABLE_CODE = YES;
				CLANG_WARN__DUPLICATE_METHOD_MATCH = YES;
				COPY_PHASE_STRIP = NO;
				DEBUG_INFORMATION_FORMAT = "dwarf-with-dsym";
				ENABLE_NS_ASSERTIONS = NO;
				ENABLE_STRICT_OBJC_MSGSEND = YES;
				ENABLE_USER_SCRIPT_SANDBOXING = YES;
				GCC_C_LANGUAGE_STANDARD = gnu17;
				GCC_NO_COMMON_BLOCKS = YES;
				GCC_WARN_64_TO_32_BIT_CONVERSION = YES;
				GCC_WARN_ABOUT_RETURN_TYPE = YES_ERROR;
				GCC_WARN_UNDECLARED_SELECTOR = YES;
				GCC_WARN_UNINITIALIZED_AUTOS = YES_AGGRESSIVE;
				GCC_WARN_UNUSED_FUNCTION = YES;
				GCC_WARN_UNUSED_VARIABLE = YES;
				IPHONEOS_DEPLOYMENT_TARGET = 17.4;
				LOCALIZATION_PREFERS_STRING_CATALOGS = YES;
				MTL_ENABLE_DEBUG_INFO = NO;
				MTL_FAST_MATH = YES;
				SDKROOT = iphoneos;
				SWIFT_COMPILATION_MODE = wholemodule;
				VALIDATE_PRODUCT = YES;
			};
			name = Release;
		};
		C15FDE0B2BEEDDB500027DBB /* Debug */ = {
			isa = XCBuildConfiguration;
			buildSettings = {
				ASSETCATALOG_COMPILER_APPICON_NAME = AppIcon;
				ASSETCATALOG_COMPILER_GLOBAL_ACCENT_COLOR_NAME = AccentColor;
				CODE_SIGN_STYLE = Automatic;
				CURRENT_PROJECT_VERSION = 1;
				DEVELOPMENT_ASSET_PATHS = "\"toDoList/Preview Content\"";
				DEVELOPMENT_TEAM = BY95FKSWDC;
				ENABLE_PREVIEWS = YES;
				GENERATE_INFOPLIST_FILE = YES;
				INFOPLIST_KEY_UIApplicationSceneManifest_Generation = YES;
				INFOPLIST_KEY_UIApplicationSupportsIndirectInputEvents = YES;
				INFOPLIST_KEY_UILaunchScreen_Generation = YES;
				INFOPLIST_KEY_UISupportedInterfaceOrientations_iPad = "UIInterfaceOrientationPortrait UIInterfaceOrientationPortraitUpsideDown UIInterfaceOrientationLandscapeLeft UIInterfaceOrientationLandscapeRight";
				INFOPLIST_KEY_UISupportedInterfaceOrientations_iPhone = "UIInterfaceOrientationPortrait UIInterfaceOrientationLandscapeLeft UIInterfaceOrientationLandscapeRight";
				LD_RUNPATH_SEARCH_PATHS = (
					"$(inherited)",
					"@executable_path/Frameworks",
				);
				MARKETING_VERSION = 1.0;
				PRODUCT_BUNDLE_IDENTIFIER = kwk.toDoList;
				PRODUCT_NAME = "$(TARGET_NAME)";
				SWIFT_EMIT_LOC_STRINGS = YES;
				SWIFT_VERSION = 5.0;
				TARGETED_DEVICE_FAMILY = "1,2";
			};
			name = Debug;
		};
		C15FDE0C2BEEDDB500027DBB /* Release */ = {
			isa = XCBuildConfiguration;
			buildSettings = {
				ASSETCATALOG_COMPILER_APPICON_NAME = AppIcon;
				ASSETCATALOG_COMPILER_GLOBAL_ACCENT_COLOR_NAME = AccentColor;
				CODE_SIGN_STYLE = Automatic;
				CURRENT_PROJECT_VERSION = 1;
				DEVELOPMENT_ASSET_PATHS = "\"toDoList/Preview Content\"";
				DEVELOPMENT_TEAM = BY95FKSWDC;
				ENABLE_PREVIEWS = YES;
				GENERATE_INFOPLIST_FILE = YES;
				INFOPLIST_KEY_UIApplicationSceneManifest_Generation = YES;
				INFOPLIST_KEY_UIApplicationSupportsIndirectInputEvents = YES;
				INFOPLIST_KEY_UILaunchScreen_Generation = YES;
				INFOPLIST_KEY_UISupportedInterfaceOrientations_iPad = "UIInterfaceOrientationPortrait UIInterfaceOrientationPortraitUpsideDown UIInterfaceOrientationLandscapeLeft UIInterfaceOrientationLandscapeRight";
				INFOPLIST_KEY_UISupportedInterfaceOrientations_iPhone = "UIInterfaceOrientationPortrait UIInterfaceOrientationLandscapeLeft UIInterfaceOrientationLandscapeRight";
				LD_RUNPATH_SEARCH_PATHS = (
					"$(inherited)",
					"@executable_path/Frameworks",
				);
				MARKETING_VERSION = 1.0;
				PRODUCT_BUNDLE_IDENTIFIER = kwk.toDoList;
				PRODUCT_NAME = "$(TARGET_NAME)";
				SWIFT_EMIT_LOC_STRINGS = YES;
				SWIFT_VERSION = 5.0;
				TARGETED_DEVICE_FAMILY = "1,2";
			};
			name = Release;
		};
		C15FDE0E2BEEDDB500027DBB /* Debug */ = {
			isa = XCBuildConfiguration;
			buildSettings = {
				ALWAYS_EMBED_SWIFT_STANDARD_LIBRARIES = YES;
				BUNDLE_LOADER = "$(TEST_HOST)";
				CODE_SIGN_STYLE = Automatic;
				CURRENT_PROJECT_VERSION = 1;
				DEVELOPMENT_TEAM = BY95FKSWDC;
				GENERATE_INFOPLIST_FILE = YES;
				IPHONEOS_DEPLOYMENT_TARGET = 17.4;
				MARKETING_VERSION = 1.0;
				PRODUCT_BUNDLE_IDENTIFIER = kwk.toDoListTests;
				PRODUCT_NAME = "$(TARGET_NAME)";
				SWIFT_EMIT_LOC_STRINGS = NO;
				SWIFT_VERSION = 5.0;
				TARGETED_DEVICE_FAMILY = "1,2";
				TEST_HOST = "$(BUILT_PRODUCTS_DIR)/toDoList.app/$(BUNDLE_EXECUTABLE_FOLDER_PATH)/toDoList";
			};
			name = Debug;
		};
		C15FDE0F2BEEDDB500027DBB /* Release */ = {
			isa = XCBuildConfiguration;
			buildSettings = {
				ALWAYS_EMBED_SWIFT_STANDARD_LIBRARIES = YES;
				BUNDLE_LOADER = "$(TEST_HOST)";
				CODE_SIGN_STYLE = Automatic;
				CURRENT_PROJECT_VERSION = 1;
				DEVELOPMENT_TEAM = BY95FKSWDC;
				GENERATE_INFOPLIST_FILE = YES;
				IPHONEOS_DEPLOYMENT_TARGET = 17.4;
				MARKETING_VERSION = 1.0;
				PRODUCT_BUNDLE_IDENTIFIER = kwk.toDoListTests;
				PRODUCT_NAME = "$(TARGET_NAME)";
				SWIFT_EMIT_LOC_STRINGS = NO;
				SWIFT_VERSION = 5.0;
				TARGETED_DEVICE_FAMILY = "1,2";
				TEST_HOST = "$(BUILT_PRODUCTS_DIR)/toDoList.app/$(BUNDLE_EXECUTABLE_FOLDER_PATH)/toDoList";
			};
			name = Release;
		};
		C15FDE112BEEDDB500027DBB /* Debug */ = {
			isa = XCBuildConfiguration;
			buildSettings = {
				ALWAYS_EMBED_SWIFT_STANDARD_LIBRARIES = YES;
				CODE_SIGN_STYLE = Automatic;
				CURRENT_PROJECT_VERSION = 1;
				DEVELOPMENT_TEAM = BY95FKSWDC;
				GENERATE_INFOPLIST_FILE = YES;
				MARKETING_VERSION = 1.0;
				PRODUCT_BUNDLE_IDENTIFIER = kwk.toDoListUITests;
				PRODUCT_NAME = "$(TARGET_NAME)";
				SWIFT_EMIT_LOC_STRINGS = NO;
				SWIFT_VERSION = 5.0;
				TARGETED_DEVICE_FAMILY = "1,2";
				TEST_TARGET_NAME = toDoList;
			};
			name = Debug;
		};
		C15FDE122BEEDDB500027DBB /* Release */ = {
			isa = XCBuildConfiguration;
			buildSettings = {
				ALWAYS_EMBED_SWIFT_STANDARD_LIBRARIES = YES;
				CODE_SIGN_STYLE = Automatic;
				CURRENT_PROJECT_VERSION = 1;
				DEVELOPMENT_TEAM = BY95FKSWDC;
				GENERATE_INFOPLIST_FILE = YES;
				MARKETING_VERSION = 1.0;
				PRODUCT_BUNDLE_IDENTIFIER = kwk.toDoListUITests;
				PRODUCT_NAME = "$(TARGET_NAME)";
				SWIFT_EMIT_LOC_STRINGS = NO;
				SWIFT_VERSION = 5.0;
				TARGETED_DEVICE_FAMILY = "1,2";
				TEST_TARGET_NAME = toDoList;
			};
			name = Release;
		};
/* End XCBuildConfiguration section */

/* Begin XCConfigurationList section */
		C15FDDE12BEEDDB300027DBB /* Build configuration list for PBXProject "toDoList" */ = {
			isa = XCConfigurationList;
			buildConfigurations = (
				C15FDE082BEEDDB500027DBB /* Debug */,
				C15FDE092BEEDDB500027DBB /* Release */,
			);
			defaultConfigurationIsVisible = 0;
			defaultConfigurationName = Release;
		};
		C15FDE0A2BEEDDB500027DBB /* Build configuration list for PBXNativeTarget "toDoList" */ = {
			isa = XCConfigurationList;
			buildConfigurations = (
				C15FDE0B2BEEDDB500027DBB /* Debug */,
				C15FDE0C2BEEDDB500027DBB /* Release */,
			);
			defaultConfigurationIsVisible = 0;
			defaultConfigurationName = Release;
		};
		C15FDE0D2BEEDDB500027DBB /* Build configuration list for PBXNativeTarget "toDoListTests" */ = {
			isa = XCConfigurationList;
			buildConfigurations = (
				C15FDE0E2BEEDDB500027DBB /* Debug */,
				C15FDE0F2BEEDDB500027DBB /* Release */,
			);
			defaultConfigurationIsVisible = 0;
			defaultConfigurationName = Release;
		};
		C15FDE102BEEDDB500027DBB /* Build configuration list for PBXNativeTarget "toDoListUITests" */ = {
			isa = XCConfigurationList;
			buildConfigurations = (
				C15FDE112BEEDDB500027DBB /* Debug */,
				C15FDE122BEEDDB500027DBB /* Release */,
			);
			defaultConfigurationIsVisible = 0;
			defaultConfigurationName = Release;
		};
/* End XCConfigurationList section */
	};
	rootObject = C15FDDDE2BEEDDB300027DBB /* Project object */;
}
